
Microsoft Visual Studio Solution File, Format Version 12.00
# Visual Studio Version 17
VisualStudioVersion = 17.2.32630.192
MinimumVisualStudioVersion = 10.0.40219.1
Project("{FAE04EC0-301F-11D3-BF4B-00C04F79EFBC}") = "Variable(HUD)", "Variable(HUD)\Variable(HUD).csproj", "{A3FE61B9-EBF7-4E9A-A0A4-374C67F3B055}"
EndProject
Global
	GlobalSection(SolutionConfigurationPlatforms) = preSolution
		Debug|Any CPU = Debug|Any CPU
		Release|Any CPU = Release|Any CPU
	EndGlobalSection
	GlobalSection(ProjectConfigurationPlatforms) = postSolution
		{A3FE61B9-EBF7-4E9A-A0A4-374C67F3B055}.Debug|Any CPU.ActiveCfg = Debug|Any CPU
		{A3FE61B9-EBF7-4E9A-A0A4-374C67F3B055}.Debug|Any CPU.Build.0 = Debug|Any CPU
		{A3FE61B9-EBF7-4E9A-A0A4-374C67F3B055}.Release|Any CPU.ActiveCfg = Release|Any CPU
		{A3FE61B9-EBF7-4E9A-A0A4-374C67F3B055}.Release|Any CPU.Build.0 = Release|Any CPU
	EndGlobalSection
	GlobalSection(SolutionProperties) = preSolution
		HideSolutionNode = FALSE
	EndGlobalSection
	GlobalSection(ExtensibilityGlobals) = postSolution
		SolutionGuid = {51EF0E7F-9E1A-4EF0-91BE-A38DA7B83197}
	EndGlobalSection
EndGlobal
